// !$*UTF8*$!
{
	archiveVersion = 1;
	classes = {
	};
	objectVersion = 50;
	objects = {

/* Begin PBXBuildFile section */
		1F147EF02228234A00DB45E7 /* AppDelegate.m in Sources */ = {isa = PBXBuildFile; fileRef = 1F147EEF2228234A00DB45E7 /* AppDelegate.m */; };
		1F147EF32228234A00DB45E7 /* ViewController.m in Sources */ = {isa = PBXBuildFile; fileRef = 1F147EF22228234A00DB45E7 /* ViewController.m */; };
		1F147EF62228234A00DB45E7 /* Main.storyboard in Resources */ = {isa = PBXBuildFile; fileRef = 1F147EF42228234A00DB45E7 /* Main.storyboard */; };
		1F147EF82228234C00DB45E7 /* Assets.xcassets in Resources */ = {isa = PBXBuildFile; fileRef = 1F147EF72228234C00DB45E7 /* Assets.xcassets */; };
		1F147EFB2228234C00DB45E7 /* LaunchScreen.storyboard in Resources */ = {isa = PBXBuildFile; fileRef = 1F147EF92228234C00DB45E7 /* LaunchScreen.storyboard */; };
		1F147EFE2228234C00DB45E7 /* main.m in Sources */ = {isa = PBXBuildFile; fileRef = 1F147EFD2228234C00DB45E7 /* main.m */; };
/* End PBXBuildFile section */

/* Begin PBXFileReference section */
		1F147EEB2228234A00DB45E7 /* DeepLinkingApp.app */ = {isa = PBXFileReference; explicitFileType = wrapper.application; includeInIndex = 0; path = DeepLinkingApp.app; sourceTree = BUILT_PRODUCTS_DIR; };
		1F147EEE2228234A00DB45E7 /* AppDelegate.h */ = {isa = PBXFileReference; lastKnownFileType = sourcecode.c.h; path = AppDelegate.h; sourceTree = "<group>"; };
		1F147EEF2228234A00DB45E7 /* AppDelegate.m */ = {isa = PBXFileReference; lastKnownFileType = sourcecode.c.objc; path = AppDelegate.m; sourceTree = "<group>"; };
		1F147EF12228234A00DB45E7 /* ViewController.h */ = {isa = PBXFileReference; lastKnownFileType = sourcecode.c.h; path = ViewController.h; sourceTree = "<group>"; };
		1F147EF22228234A00DB45E7 /* ViewController.m */ = {isa = PBXFileReference; lastKnownFileType = sourcecode.c.objc; path = ViewController.m; sourceTree = "<group>"; };
		1F147EF52228234A00DB45E7 /* Base */ = {isa = PBXFileReference; lastKnownFileType = file.storyboard; name = Base; path = Base.lproj/Main.storyboard; sourceTree = "<group>"; };
		1F147EF72228234C00DB45E7 /* Assets.xcassets */ = {isa = PBXFileReference; lastKnownFileType = folder.assetcatalog; path = Assets.xcassets; sourceTree = "<group>"; };
		1F147EFA2228234C00DB45E7 /* Base */ = {isa = PBXFileReference; lastKnownFileType = file.storyboard; name = Base; path = Base.lproj/LaunchScreen.storyboard; sourceTree = "<group>"; };
		1F147EFC2228234C00DB45E7 /* Info.plist */ = {isa = PBXFileReference; lastKnownFileType = text.plist.xml; path = Info.plist; sourceTree = "<group>"; };
		1F147EFD2228234C00DB45E7 /* main.m */ = {isa = PBXFileReference; lastKnownFileType = sourcecode.c.objc; path = main.m; sourceTree = "<group>"; };
/* End PBXFileReference section */

/* Begin PBXFrameworksBuildPhase section */
		1F147EE82228234A00DB45E7 /* Frameworks */ = {
			isa = PBXFrameworksBuildPhase;
			buildActionMask = 2147483647;
			files = (
			);
			runOnlyForDeploymentPostprocessing = 0;
		};
/* End PBXFrameworksBuildPhase section */

/* Begin PBXGroup section */
		1F147EE22228234A00DB45E7 = {
			isa = PBXGroup;
			children = (
				1F147EED2228234A00DB45E7 /* DeepLinkingApp */,
				1F147EEC2228234A00DB45E7 /* Products */,
			);
			sourceTree = "<group>";
		};
		1F147EEC2228234A00DB45E7 /* Products */ = {
			isa = PBXGroup;
			children = (
				1F147EEB2228234A00DB45E7 /* DeepLinkingApp.app */,
			);
			name = Products;
			sourceTree = "<group>";
		};
		1F147EED2228234A00DB45E7 /* DeepLinkingApp */ = {
			isa = PBXGroup;
			children = (
				1F147EEE2228234A00DB45E7 /* AppDelegate.h */,
				1F147EEF2228234A00DB45E7 /* AppDelegate.m */,
				1F147EF12228234A00DB45E7 /* ViewController.h */,
				1F147EF22228234A00DB45E7 /* ViewController.m */,
				1F147EF42228234A00DB45E7 /* Main.storyboard */,
				1F147EF72228234C00DB45E7 /* Assets.xcassets */,
				1F147EF92228234C00DB45E7 /* LaunchScreen.storyboard */,
				1F147EFC2228234C00DB45E7 /* Info.plist */,
				1F147EFD2228234C00DB45E7 /* main.m */,
			);
			path = DeepLinkingApp;
			sourceTree = "<group>";
		};
/* End PBXGroup section */

/* Begin PBXNativeTarget section */
		1F147EEA2228234A00DB45E7 /* DeepLinkingApp */ = {
			isa = PBXNativeTarget;
			buildConfigurationList = 1F147F012228234C00DB45E7 /* Build configuration list for PBXNativeTarget "DeepLinkingApp" */;
			buildPhases = (
				1F147EE72228234A00DB45E7 /* Sources */,
				1F147EE82228234A00DB45E7 /* Frameworks */,
				1F147EE92228234A00DB45E7 /* Resources */,
			);
			buildRules = (
			);
			dependencies = (
			);
			name = DeepLinkingApp;
			productName = DeepLinkingApp;
			productReference = 1F147EEB2228234A00DB45E7 /* DeepLinkingApp.app */;
			productType = "com.apple.product-type.application";
		};
/* End PBXNativeTarget section */

/* Begin PBXProject section */
		1F147EE32228234A00DB45E7 /* Project object */ = {
			isa = PBXProject;
			attributes = {
				LastUpgradeCheck = 1010;
				ORGANIZATIONNAME = "Mechelle Sieglitz";
				TargetAttributes = {
					1F147EEA2228234A00DB45E7 = {
						CreatedOnToolsVersion = 10.1;
					};
				};
			};
			buildConfigurationList = 1F147EE62228234A00DB45E7 /* Build configuration list for PBXProject "DeepLinkingApp" */;
			compatibilityVersion = "Xcode 9.3";
			developmentRegion = en;
			hasScannedForEncodings = 0;
			knownRegions = (
				en,
				Base,
			);
			mainGroup = 1F147EE22228234A00DB45E7;
			productRefGroup = 1F147EEC2228234A00DB45E7 /* Products */;
			projectDirPath = "";
			projectRoot = "";
			targets = (
				1F147EEA2228234A00DB45E7 /* DeepLinkingApp */,
			);
		};
/* End PBXProject section */

/* Begin PBXResourcesBuildPhase section */
		1F147EE92228234A00DB45E7 /* Resources */ = {
			isa = PBXResourcesBuildPhase;
			buildActionMask = 2147483647;
			files = (
				1F147EFB2228234C00DB45E7 /* LaunchScreen.storyboard in Resources */,
				1F147EF82228234C00DB45E7 /* Assets.xcassets in Resources */,
				1F147EF62228234A00DB45E7 /* Main.storyboard in Resources */,
			);
			runOnlyForDeploymentPostprocessing = 0;
		};
/* End PBXResourcesBuildPhase section */

/* Begin PBXSourcesBuildPhase section */
		1F147EE72228234A00DB45E7 /* Sources */ = {
			isa = PBXSourcesBuildPhase;
			buildActionMask = 2147483647;
			files = (
				1F147EF32228234A00DB45E7 /* ViewController.m in Sources */,
				1F147EFE2228234C00DB45E7 /* main.m in Sources */,
				1F147EF02228234A00DB45E7 /* AppDelegate.m in Sources */,
			);
			runOnlyForDeploymentPostprocessing = 0;
		};
/* End PBXSourcesBuildPhase section */

/* Begin PBXVariantGroup section */
		1F147EF42228234A00DB45E7 /* Main.storyboard */ = {
			isa = PBXVariantGroup;
			children = (
				1F147EF52228234A00DB45E7 /* Base */,
			);
			name = Main.storyboard;
			sourceTree = "<group>";
		};
		1F147EF92228234C00DB45E7 /* LaunchScreen.storyboard */ = {
			isa = PBXVariantGroup;
			children = (
				1F147EFA2228234C00DB45E7 /* Base */,
			);
			name = LaunchScreen.storyboard;
			sourceTree = "<group>";
		};
/* End PBXVariantGroup section */

/* Begin XCBuildConfiguration section */
		1F147EFF2228234C00DB45E7 /* Debug */ = {
			isa = XCBuildConfiguration;
			buildSettings = {
				ALWAYS_SEARCH_USER_PATHS = NO;
				CLANG_ANALYZER_NONNULL = YES;
				CLANG_ANALYZER_NUMBER_OBJECT_CONVERSION = YES_AGGRESSIVE;
				CLANG_CXX_LANGUAGE_STANDARD = "gnu++14";
				CLANG_CXX_LIBRARY = "libc++";
				CLANG_ENABLE_MODULES = YES;
				CLANG_ENABLE_OBJC_ARC = YES;
				CLANG_ENABLE_OBJC_WEAK = YES;
				CLANG_WARN_BLOCK_CAPTURE_AUTORELEASING = YES;
				CLANG_WARN_BOOL_CONVERSION = YES;
				CLANG_WARN_COMMA = YES;
				CLANG_WARN_CONSTANT_CONVERSION = YES;
				CLANG_WARN_DEPRECATED_OBJC_IMPLEMENTATIONS = YES;
				CLANG_WARN_DIRECT_OBJC_ISA_USAGE = YES_ERROR;
				CLANG_WARN_DOCUMENTATION_COMMENTS = YES;
				CLANG_WARN_EMPTY_BODY = YES;
				CLANG_WARN_ENUM_CONVERSION = YES;
				CLANG_WARN_INFINITE_RECURSION = YES;
				CLANG_WARN_INT_CONVERSION = YES;
				CLANG_WARN_NON_LITERAL_NULL_CONVERSION = YES;
				CLANG_WARN_OBJC_IMPLICIT_RETAIN_SELF = YES;
				CLANG_WARN_OBJC_LITERAL_CONVERSION = YES;
				CLANG_WARN_OBJC_ROOT_CLASS = YES_ERROR;
				CLANG_WARN_RANGE_LOOP_ANALYSIS = YES;
				CLANG_WARN_STRICT_PROTOTYPES = YES;
				CLANG_WARN_SUSPICIOUS_MOVE = YES;
				CLANG_WARN_UNGUARDED_AVAILABILITY = YES_AGGRESSIVE;
				CLANG_WARN_UNREACHABLE_CODE = YES;
				CLANG_WARN__DUPLICATE_METHOD_MATCH = YES;
				CODE_SIGN_IDENTITY = "iPhone Developer";
				COPY_PHASE_STRIP = NO;
				DEBUG_INFORMATION_FORMAT = dwarf;
				ENABLE_STRICT_OBJC_MSGSEND = YES;
				ENABLE_TESTABILITY = YES;
				GCC_C_LANGUAGE_STANDARD = gnu11;
				GCC_DYNAMIC_NO_PIC = NO;
				GCC_NO_COMMON_BLOCKS = YES;
				GCC_OPTIMIZATION_LEVEL = 0;
				GCC_PREPROCESSOR_DEFINITIONS = (
					"DEBUG=1",
					"$(inherited)",
				);
				GCC_WARN_64_TO_32_BIT_CONVERSION = YES;
				GCC_WARN_ABOUT_RETURN_TYPE = YES_ERROR;
				GCC_WARN_UNDECLARED_SELECTOR = YES;
				GCC_WARN_UNINITIALIZED_AUTOS = YES_AGGRESSIVE;
				GCC_WARN_UNUSED_FUNCTION = YES;
				GCC_WARN_UNUSED_VARIABLE = YES;
				IPHONEOS_DEPLOYMENT_TARGET = 12.1;
				MTL_ENABLE_DEBUG_INFO = INCLUDE_SOURCE;
				MTL_FAST_MATH = YES;
				ONLY_ACTIVE_ARCH = YES;
				SDKROOT = iphoneos;
			};
			name = Debug;
		};
		1F147F002228234C00DB45E7 /* Release */ = {
			isa = XCBuildConfiguration;
			buildSettings = {
				ALWAYS_SEARCH_USER_PATHS = NO;
				CLANG_ANALYZER_NONNULL = YES;
				CLANG_ANALYZER_NUMBER_OBJECT_CONVERSION = YES_AGGRESSIVE;
				CLANG_CXX_LANGUAGE_STANDARD = "gnu++14";
				CLANG_CXX_LIBRARY = "libc++";
				CLANG_ENABLE_MODULES = YES;
				CLANG_ENABLE_OBJC_ARC = YES;
				CLANG_ENABLE_OBJC_WEAK = YES;
				CLANG_WARN_BLOCK_CAPTURE_AUTORELEASING = YES;
				CLANG_WARN_BOOL_CONVERSION = YES;
				CLANG_WARN_COMMA = YES;
				CLANG_WARN_CONSTANT_CONVERSION = YES;
				CLANG_WARN_DEPRECATED_OBJC_IMPLEMENTATIONS = YES;
				CLANG_WARN_DIRECT_OBJC_ISA_USAGE = YES_ERROR;
				CLANG_WARN_DOCUMENTATION_COMMENTS = YES;
				CLANG_WARN_EMPTY_BODY = YES;
				CLANG_WARN_ENUM_CONVERSION = YES;
				CLANG_WARN_INFINITE_RECURSION = YES;
				CLANG_WARN_INT_CONVERSION = YES;
				CLANG_WARN_NON_LITERAL_NULL_CONVERSION = YES;
				CLANG_WARN_OBJC_IMPLICIT_RETAIN_SELF = YES;
				CLANG_WARN_OBJC_LITERAL_CONVERSION = YES;
				CLANG_WARN_OBJC_ROOT_CLASS = YES_ERROR;
				CLANG_WARN_RANGE_LOOP_ANALYSIS = YES;
				CLANG_WARN_STRICT_PROTOTYPES = YES;
				CLANG_WARN_SUSPICIOUS_MOVE = YES;
				CLANG_WARN_UNGUARDED_AVAILABILITY = YES_AGGRESSIVE;
				CLANG_WARN_UNREACHABLE_CODE = YES;
				CLANG_WARN__DUPLICATE_METHOD_MATCH = YES;
				CODE_SIGN_IDENTITY = "iPhone Developer";
				COPY_PHASE_STRIP = NO;
				DEBUG_INFORMATION_FORMAT = "dwarf-with-dsym";
				ENABLE_NS_ASSERTIONS = NO;
				ENABLE_STRICT_OBJC_MSGSEND = YES;
				GCC_C_LANGUAGE_STANDARD = gnu11;
				GCC_NO_COMMON_BLOCKS = YES;
				GCC_WARN_64_TO_32_BIT_CONVERSION = YES;
				GCC_WARN_ABOUT_RETURN_TYPE = YES_ERROR;
				GCC_WARN_UNDECLARED_SELECTOR = YES;
				GCC_WARN_UNINITIALIZED_AUTOS = YES_AGGRESSIVE;
				GCC_WARN_UNUSED_FUNCTION = YES;
				GCC_WARN_UNUSED_VARIABLE = YES;
				IPHONEOS_DEPLOYMENT_TARGET = 12.1;
				MTL_ENABLE_DEBUG_INFO = NO;
				MTL_FAST_MATH = YES;
				SDKROOT = iphoneos;
				VALIDATE_PRODUCT = YES;
			};
			name = Release;
		};
		1F147F022228234C00DB45E7 /* Debug */ = {
			isa = XCBuildConfiguration;
			buildSettings = {
				ASSETCATALOG_COMPILER_APPICON_NAME = AppIcon;
				CODE_SIGN_STYLE = Automatic;
				DEVELOPMENT_TEAM = CLWVUWVKCX;
				INFOPLIST_FILE = DeepLinkingApp/Info.plist;
				LD_RUNPATH_SEARCH_PATHS = (
					"$(inherited)",
					"@executable_path/Frameworks",
				);
				PRODUCT_BUNDLE_IDENTIFIER = sieglitzm.DeepLinkingApp;
				PRODUCT_NAME = "$(TARGET_NAME)";
				TARGETED_DEVICE_FAMILY = "1,2";
			};
			name = Debug;
		};
		1F147F032228234C00DB45E7 /* Release */ = {
			isa = XCBuildConfiguration;
			buildSettings = {
				ASSETCATALOG_COMPILER_APPICON_NAME = AppIcon;
				CODE_SIGN_STYLE = Automatic;
				DEVELOPMENT_TEAM = CLWVUWVKCX;
				INFOPLIST_FILE = DeepLinkingApp/Info.plist;
				LD_RUNPATH_SEARCH_PATHS = (
					"$(inherited)",
					"@executable_path/Frameworks",
				);
				PRODUCT_BUNDLE_IDENTIFIER = sieglitzm.DeepLinkingApp;
				PRODUCT_NAME = "$(TARGET_NAME)";
				TARGETED_DEVICE_FAMILY = "1,2";
			};
			name = Release;
		};
/* End XCBuildConfiguration section */

/* Begin XCConfigurationList section */
		1F147EE62228234A00DB45E7 /* Build configuration list for PBXProject "DeepLinkingApp" */ = {
			isa = XCConfigurationList;
			buildConfigurations = (
				1F147EFF2228234C00DB45E7 /* Debug */,
				1F147F002228234C00DB45E7 /* Release */,
			);
			defaultConfigurationIsVisible = 0;
			defaultConfigurationName = Release;
		};
		1F147F012228234C00DB45E7 /* Build configuration list for PBXNativeTarget "DeepLinkingApp" */ = {
			isa = XCConfigurationList;
			buildConfigurations = (
				1F147F022228234C00DB45E7 /* Debug */,
				1F147F032228234C00DB45E7 /* Release */,
			);
			defaultConfigurationIsVisible = 0;
			defaultConfigurationName = Release;
		};
/* End XCConfigurationList section */
	};
	rootObject = 1F147EE32228234A00DB45E7 /* Project object */;
}
